
Microsoft Visual Studio Solution File, Format Version 12.00
# Visual Studio Version 17
VisualStudioVersion = 17.5.33627.172
MinimumVisualStudioVersion = 10.0.40219.1
Project("{FAE04EC0-301F-11D3-BF4B-00C04F79EFBC}") = "Ascii_labyrinth", "Ascii_labyrinth.csproj", "{021ECC57-46D1-4258-979C-DC117B546C17}"
EndProject
Global
	GlobalSection(SolutionConfigurationPlatforms) = preSolution
		Debug|Any CPU = Debug|Any CPU
		Release|Any CPU = Release|Any CPU
	EndGlobalSection
	GlobalSection(ProjectConfigurationPlatforms) = postSolution
		{021ECC57-46D1-4258-979C-DC117B546C17}.Debug|Any CPU.ActiveCfg = Debug|Any CPU
		{021ECC57-46D1-4258-979C-DC117B546C17}.Debug|Any CPU.Build.0 = Debug|Any CPU
		{021ECC57-46D1-4258-979C-DC117B546C17}.Release|Any CPU.ActiveCfg = Release|Any CPU
		{021ECC57-46D1-4258-979C-DC117B546C17}.Release|Any CPU.Build.0 = Release|Any CPU
	EndGlobalSection
	GlobalSection(SolutionProperties) = preSolution
		HideSolutionNode = FALSE
	EndGlobalSection
	GlobalSection(ExtensibilityGlobals) = postSolution
		SolutionGuid = {FFC78F19-FA78-494F-9941-80551C76AF9F}
	EndGlobalSection
EndGlobal
